# This file is automatically @generated by Cargo.
# It is not intended for manual editing.
version = 4

[[package]]
name = "alife-biology"
version = "0.1.0"
dependencies = [
 "alife-core",
]

[[package]]
name = "alife-core"
version = "0.1.0"

[[package]]
name = "alife-interface"
version = "0.1.0"
dependencies = [
 "alife-core",
]

[[package]]
name = "alife-mind"
version = "0.1.0"
dependencies = [
 "alife-core",
 "alife-interface",
]

[[package]]
name = "alife-tests"
version = "0.1.0"
dependencies = [
 "alife-biology",
 "alife-core",
 "alife-interface",
 "alife-world",
 "p0-determinism",
]

[[package]]
name = "alife-world"
version = "0.1.0"
dependencies = [
 "alife-biology",
 "alife-core",
 "alife-interface",
]

[[package]]
name = "p0-determinism"
version = "0.1.0"
dependencies = [
 "alife-biology",
 "alife-core",
 "alife-interface",
 "alife-world",
]

[[package]]
name = "p1-fire-learning"
version = "0.1.0"
